
Microsoft Visual Studio Solution File, Format Version 12.00
# Visual Studio Version 17
VisualStudioVersion = 17.2.32602.215
MinimumVisualStudioVersion = 10.0.40219.1
Project("{FAE04EC0-301F-11D3-BF4B-00C04F79EFBC}") = "BlazorDemo.Server", "BlazorDemo\Server\BlazorDemo.Server.csproj", "{7FEEC345-C4E3-444E-B219-101DEAF85111}"
EndProject
Project("{FAE04EC0-301F-11D3-BF4B-00C04F79EFBC}") = "BlazorDemo.Client", "BlazorDemo\Client\BlazorDemo.Client.csproj", "{749C2753-3E30-46C6-A864-3F9F04C3B91D}"
EndProject
Project("{FAE04EC0-301F-11D3-BF4B-00C04F79EFBC}") = "BlazorDemo.Shared", "BlazorDemo\Shared\BlazorDemo.Shared.csproj", "{26D2D517-8D02-4285-AF14-A152AFF7B7FE}"
EndProject
Global
	GlobalSection(SolutionConfigurationPlatforms) = preSolution
		Debug|Any CPU = Debug|Any CPU
		Release|Any CPU = Release|Any CPU
	EndGlobalSection
	GlobalSection(ProjectConfigurationPlatforms) = postSolution
		{7FEEC345-C4E3-444E-B219-101DEAF85111}.Debug|Any CPU.ActiveCfg = Debug|Any CPU
		{7FEEC345-C4E3-444E-B219-101DEAF85111}.Debug|Any CPU.Build.0 = Debug|Any CPU
		{7FEEC345-C4E3-444E-B219-101DEAF85111}.Release|Any CPU.ActiveCfg = Release|Any CPU
		{7FEEC345-C4E3-444E-B219-101DEAF85111}.Release|Any CPU.Build.0 = Release|Any CPU
		{749C2753-3E30-46C6-A864-3F9F04C3B91D}.Debug|Any CPU.ActiveCfg = Debug|Any CPU
		{749C2753-3E30-46C6-A864-3F9F04C3B91D}.Debug|Any CPU.Build.0 = Debug|Any CPU
		{749C2753-3E30-46C6-A864-3F9F04C3B91D}.Release|Any CPU.ActiveCfg = Release|Any CPU
		{749C2753-3E30-46C6-A864-3F9F04C3B91D}.Release|Any CPU.Build.0 = Release|Any CPU
		{26D2D517-8D02-4285-AF14-A152AFF7B7FE}.Debug|Any CPU.ActiveCfg = Debug|Any CPU
		{26D2D517-8D02-4285-AF14-A152AFF7B7FE}.Debug|Any CPU.Build.0 = Debug|Any CPU
		{26D2D517-8D02-4285-AF14-A152AFF7B7FE}.Release|Any CPU.ActiveCfg = Release|Any CPU
		{26D2D517-8D02-4285-AF14-A152AFF7B7FE}.Release|Any CPU.Build.0 = Release|Any CPU
	EndGlobalSection
	GlobalSection(SolutionProperties) = preSolution
		HideSolutionNode = FALSE
	EndGlobalSection
	GlobalSection(ExtensibilityGlobals) = postSolution
		SolutionGuid = {9BEE360E-5F04-4881-801C-0EBE2A7850C9}
	EndGlobalSection
EndGlobal
